
Microsoft Visual Studio Solution File, Format Version 12.00
# Visual Studio 14
VisualStudioVersion = 14.0.25420.1
MinimumVisualStudioVersion = 10.0.40219.1
Project("{FAE04EC0-301F-11D3-BF4B-00C04F79EFBC}") = "MineDotNet.Common", "MineDotNet.Common\MineDotNet.Common.csproj", "{EF7D77F2-C167-46C3-B5A5-C335A023C08F}"
EndProject
Project("{FAE04EC0-301F-11D3-BF4B-00C04F79EFBC}") = "MineDotNet.AI", "MineDotNet.AI\MineDotNet.AI.csproj", "{F2DE75D9-62FD-49B1-9070-F8860322D8EA}"
EndProject
Project("{FAE04EC0-301F-11D3-BF4B-00C04F79EFBC}") = "TestConsole", "TestConsole\TestConsole.csproj", "{A77A0F71-1264-4AA7-90B5-D4C096C36BA9}"
EndProject
Project("{FAE04EC0-301F-11D3-BF4B-00C04F79EFBC}") = "ChessDotNet.BoardVisualizer", "MineDotNet.GUI\MineDotNet.GUI.csproj", "{84B0870A-071A-430A-B6B5-6D26F5AEE8F1}"
EndProject
Global
	GlobalSection(SolutionConfigurationPlatforms) = preSolution
		Debug|Any CPU = Debug|Any CPU
		Debug|x64 = Debug|x64
		Debug|x86 = Debug|x86
		Release|Any CPU = Release|Any CPU
		Release|x64 = Release|x64
		Release|x86 = Release|x86
		Test|Any CPU = Test|Any CPU
		Test|x64 = Test|x64
		Test|x86 = Test|x86
	EndGlobalSection
	GlobalSection(ProjectConfigurationPlatforms) = postSolution
		{EF7D77F2-C167-46C3-B5A5-C335A023C08F}.Debug|Any CPU.ActiveCfg = Debug|Any CPU
		{EF7D77F2-C167-46C3-B5A5-C335A023C08F}.Debug|Any CPU.Build.0 = Debug|Any CPU
		{EF7D77F2-C167-46C3-B5A5-C335A023C08F}.Debug|x64.ActiveCfg = Debug|Any CPU
		{EF7D77F2-C167-46C3-B5A5-C335A023C08F}.Debug|x64.Build.0 = Debug|Any CPU
		{EF7D77F2-C167-46C3-B5A5-C335A023C08F}.Debug|x86.ActiveCfg = Debug|Any CPU
		{EF7D77F2-C167-46C3-B5A5-C335A023C08F}.Debug|x86.Build.0 = Debug|Any CPU
		{EF7D77F2-C167-46C3-B5A5-C335A023C08F}.Release|Any CPU.ActiveCfg = Release|Any CPU
		{EF7D77F2-C167-46C3-B5A5-C335A023C08F}.Release|Any CPU.Build.0 = Release|Any CPU
		{EF7D77F2-C167-46C3-B5A5-C335A023C08F}.Release|x64.ActiveCfg = Release|Any CPU
		{EF7D77F2-C167-46C3-B5A5-C335A023C08F}.Release|x64.Build.0 = Release|Any CPU
		{EF7D77F2-C167-46C3-B5A5-C335A023C08F}.Release|x86.ActiveCfg = Release|Any CPU
		{EF7D77F2-C167-46C3-B5A5-C335A023C08F}.Release|x86.Build.0 = Release|Any CPU
		{EF7D77F2-C167-46C3-B5A5-C335A023C08F}.Test|Any CPU.ActiveCfg = Release|Any CPU
		{EF7D77F2-C167-46C3-B5A5-C335A023C08F}.Test|Any CPU.Build.0 = Release|Any CPU
		{EF7D77F2-C167-46C3-B5A5-C335A023C08F}.Test|x64.ActiveCfg = Release|Any CPU
		{EF7D77F2-C167-46C3-B5A5-C335A023C08F}.Test|x64.Build.0 = Release|Any CPU
		{EF7D77F2-C167-46C3-B5A5-C335A023C08F}.Test|x86.ActiveCfg = Release|Any CPU
		{EF7D77F2-C167-46C3-B5A5-C335A023C08F}.Test|x86.Build.0 = Release|Any CPU
		{F2DE75D9-62FD-49B1-9070-F8860322D8EA}.Debug|Any CPU.ActiveCfg = Debug|Any CPU
		{F2DE75D9-62FD-49B1-9070-F8860322D8EA}.Debug|Any CPU.Build.0 = Debug|Any CPU
		{F2DE75D9-62FD-49B1-9070-F8860322D8EA}.Debug|x64.ActiveCfg = Debug|Any CPU
		{F2DE75D9-62FD-49B1-9070-F8860322D8EA}.Debug|x64.Build.0 = Debug|Any CPU
		{F2DE75D9-62FD-49B1-9070-F8860322D8EA}.Debug|x86.ActiveCfg = Debug|Any CPU
		{F2DE75D9-62FD-49B1-9070-F8860322D8EA}.Debug|x86.Build.0 = Debug|Any CPU
		{F2DE75D9-62FD-49B1-9070-F8860322D8EA}.Release|Any CPU.ActiveCfg = Release|Any CPU
		{F2DE75D9-62FD-49B1-9070-F8860322D8EA}.Release|Any CPU.Build.0 = Release|Any CPU
		{F2DE75D9-62FD-49B1-9070-F8860322D8EA}.Release|x64.ActiveCfg = Release|Any CPU
		{F2DE75D9-62FD-49B1-9070-F8860322D8EA}.Release|x64.Build.0 = Release|Any CPU
		{F2DE75D9-62FD-49B1-9070-F8860322D8EA}.Release|x86.ActiveCfg = Release|Any CPU
		{F2DE75D9-62FD-49B1-9070-F8860322D8EA}.Release|x86.Build.0 = Release|Any CPU
		{F2DE75D9-62FD-49B1-9070-F8860322D8EA}.Test|Any CPU.ActiveCfg = Release|Any CPU
		{F2DE75D9-62FD-49B1-9070-F8860322D8EA}.Test|Any CPU.Build.0 = Release|Any CPU
		{F2DE75D9-62FD-49B1-9070-F8860322D8EA}.Test|x64.ActiveCfg = Release|Any CPU
		{F2DE75D9-62FD-49B1-9070-F8860322D8EA}.Test|x64.Build.0 = Release|Any CPU
		{F2DE75D9-62FD-49B1-9070-F8860322D8EA}.Test|x86.ActiveCfg = Release|Any CPU
		{F2DE75D9-62FD-49B1-9070-F8860322D8EA}.Test|x86.Build.0 = Release|Any CPU
		{A77A0F71-1264-4AA7-90B5-D4C096C36BA9}.Debug|Any CPU.ActiveCfg = Debug|Any CPU
		{A77A0F71-1264-4AA7-90B5-D4C096C36BA9}.Debug|Any CPU.Build.0 = Debug|Any CPU
		{A77A0F71-1264-4AA7-90B5-D4C096C36BA9}.Debug|x64.ActiveCfg = Debug|Any CPU
		{A77A0F71-1264-4AA7-90B5-D4C096C36BA9}.Debug|x64.Build.0 = Debug|Any CPU
		{A77A0F71-1264-4AA7-90B5-D4C096C36BA9}.Debug|x86.ActiveCfg = Debug|Any CPU
		{A77A0F71-1264-4AA7-90B5-D4C096C36BA9}.Debug|x86.Build.0 = Debug|Any CPU
		{A77A0F71-1264-4AA7-90B5-D4C096C36BA9}.Release|Any CPU.ActiveCfg = Release|Any CPU
		{A77A0F71-1264-4AA7-90B5-D4C096C36BA9}.Release|Any CPU.Build.0 = Release|Any CPU
		{A77A0F71-1264-4AA7-90B5-D4C096C36BA9}.Release|x64.ActiveCfg = Release|Any CPU
		{A77A0F71-1264-4AA7-90B5-D4C096C36BA9}.Release|x64.Build.0 = Release|Any CPU
		{A77A0F71-1264-4AA7-90B5-D4C096C36BA9}.Release|x86.ActiveCfg = Release|Any CPU
		{A77A0F71-1264-4AA7-90B5-D4C096C36BA9}.Release|x86.Build.0 = Release|Any CPU
		{A77A0F71-1264-4AA7-90B5-D4C096C36BA9}.Test|Any CPU.ActiveCfg = Release|Any CPU
		{A77A0F71-1264-4AA7-90B5-D4C096C36BA9}.Test|Any CPU.Build.0 = Release|Any CPU
		{A77A0F71-1264-4AA7-90B5-D4C096C36BA9}.Test|x64.ActiveCfg = Release|Any CPU
		{A77A0F71-1264-4AA7-90B5-D4C096C36BA9}.Test|x64.Build.0 = Release|Any CPU
		{A77A0F71-1264-4AA7-90B5-D4C096C36BA9}.Test|x86.ActiveCfg = Release|Any CPU
		{A77A0F71-1264-4AA7-90B5-D4C096C36BA9}.Test|x86.Build.0 = Release|Any CPU
		{84B0870A-071A-430A-B6B5-6D26F5AEE8F1}.Debug|Any CPU.ActiveCfg = Debug|Any CPU
		{84B0870A-071A-430A-B6B5-6D26F5AEE8F1}.Debug|Any CPU.Build.0 = Debug|Any CPU
		{84B0870A-071A-430A-B6B5-6D26F5AEE8F1}.Debug|x64.ActiveCfg = Debug|x64
		{84B0870A-071A-430A-B6B5-6D26F5AEE8F1}.Debug|x64.Build.0 = Debug|x64
		{84B0870A-071A-430A-B6B5-6D26F5AEE8F1}.Debug|x86.ActiveCfg = Debug|x86
		{84B0870A-071A-430A-B6B5-6D26F5AEE8F1}.Debug|x86.Build.0 = Debug|x86
		{84B0870A-071A-430A-B6B5-6D26F5AEE8F1}.Release|Any CPU.ActiveCfg = Release|Any CPU
		{84B0870A-071A-430A-B6B5-6D26F5AEE8F1}.Release|Any CPU.Build.0 = Release|Any CPU
		{84B0870A-071A-430A-B6B5-6D26F5AEE8F1}.Release|x64.ActiveCfg = Release|x64
		{84B0870A-071A-430A-B6B5-6D26F5AEE8F1}.Release|x64.Build.0 = Release|x64
		{84B0870A-071A-430A-B6B5-6D26F5AEE8F1}.Release|x86.ActiveCfg = Release|x86
		{84B0870A-071A-430A-B6B5-6D26F5AEE8F1}.Release|x86.Build.0 = Release|x86
		{84B0870A-071A-430A-B6B5-6D26F5AEE8F1}.Test|Any CPU.ActiveCfg = Test|Any CPU
		{84B0870A-071A-430A-B6B5-6D26F5AEE8F1}.Test|Any CPU.Build.0 = Test|Any CPU
		{84B0870A-071A-430A-B6B5-6D26F5AEE8F1}.Test|x64.ActiveCfg = Test|x64
		{84B0870A-071A-430A-B6B5-6D26F5AEE8F1}.Test|x64.Build.0 = Test|x64
		{84B0870A-071A-430A-B6B5-6D26F5AEE8F1}.Test|x86.ActiveCfg = Test|x86
		{84B0870A-071A-430A-B6B5-6D26F5AEE8F1}.Test|x86.Build.0 = Test|x86
	EndGlobalSection
	GlobalSection(SolutionProperties) = preSolution
		HideSolutionNode = FALSE
	EndGlobalSection
EndGlobal
