
Microsoft Visual Studio Solution File, Format Version 12.00
# Visual Studio 14
VisualStudioVersion = 14.0.25420.1
MinimumVisualStudioVersion = 10.0.40219.1
Project("{FAE04EC0-301F-11D3-BF4B-00C04F79EFBC}") = "MineDotNet.Common", "MineDotNet.Common\MineDotNet.Common.csproj", "{EF7D77F2-C167-46C3-B5A5-C335A023C08F}"
EndProject
Project("{FAE04EC0-301F-11D3-BF4B-00C04F79EFBC}") = "MineDotNet.AI", "MineDotNet.AI\MineDotNet.AI.csproj", "{F2DE75D9-62FD-49B1-9070-F8860322D8EA}"
EndProject
Project("{FAE04EC0-301F-11D3-BF4B-00C04F79EFBC}") = "TestConsole", "TestConsole\TestConsole.csproj", "{A77A0F71-1264-4AA7-90B5-D4C096C36BA9}"
EndProject
Global
	GlobalSection(SolutionConfigurationPlatforms) = preSolution
		Debug|Any CPU = Debug|Any CPU
		Release|Any CPU = Release|Any CPU
	EndGlobalSection
	GlobalSection(ProjectConfigurationPlatforms) = postSolution
		{EF7D77F2-C167-46C3-B5A5-C335A023C08F}.Debug|Any CPU.ActiveCfg = Debug|Any CPU
		{EF7D77F2-C167-46C3-B5A5-C335A023C08F}.Debug|Any CPU.Build.0 = Debug|Any CPU
		{EF7D77F2-C167-46C3-B5A5-C335A023C08F}.Release|Any CPU.ActiveCfg = Release|Any CPU
		{EF7D77F2-C167-46C3-B5A5-C335A023C08F}.Release|Any CPU.Build.0 = Release|Any CPU
		{F2DE75D9-62FD-49B1-9070-F8860322D8EA}.Debug|Any CPU.ActiveCfg = Debug|Any CPU
		{F2DE75D9-62FD-49B1-9070-F8860322D8EA}.Debug|Any CPU.Build.0 = Debug|Any CPU
		{F2DE75D9-62FD-49B1-9070-F8860322D8EA}.Release|Any CPU.ActiveCfg = Release|Any CPU
		{F2DE75D9-62FD-49B1-9070-F8860322D8EA}.Release|Any CPU.Build.0 = Release|Any CPU
		{A77A0F71-1264-4AA7-90B5-D4C096C36BA9}.Debug|Any CPU.ActiveCfg = Debug|Any CPU
		{A77A0F71-1264-4AA7-90B5-D4C096C36BA9}.Debug|Any CPU.Build.0 = Debug|Any CPU
		{A77A0F71-1264-4AA7-90B5-D4C096C36BA9}.Release|Any CPU.ActiveCfg = Release|Any CPU
		{A77A0F71-1264-4AA7-90B5-D4C096C36BA9}.Release|Any CPU.Build.0 = Release|Any CPU
	EndGlobalSection
	GlobalSection(SolutionProperties) = preSolution
		HideSolutionNode = FALSE
	EndGlobalSection
EndGlobal
